
Microsoft Visual Studio Solution File, Format Version 12.00
# Visual Studio 2012
Project("{FAE04EC0-301F-11D3-BF4B-00C04F79EFBC}") = "netBrowserTest", "netBrowserTest\netBrowserTest.csproj", "{74B1A9E3-B7DC-41B5-A196-FEF9ACA81198}"
EndProject
Global
	GlobalSection(TeamFoundationVersionControl) = preSolution
		SccNumberOfProjects = 2
		SccEnterpriseProvider = {4CA58AB2-18FA-4F8D-95D4-32DDF27D184C}
		SccTeamFoundationServer = https://tfs.codeplex.com/tfs/tfs06
		SccLocalPath0 = .
		SccProjectUniqueName1 = netBrowserTest\\netBrowserTest.csproj
		SccProjectName1 = netBrowserTest
		SccLocalPath1 = netBrowserTest
	EndGlobalSection
	GlobalSection(SolutionConfigurationPlatforms) = preSolution
		Debug|Any CPU = Debug|Any CPU
		Release|Any CPU = Release|Any CPU
	EndGlobalSection
	GlobalSection(ProjectConfigurationPlatforms) = postSolution
		{74B1A9E3-B7DC-41B5-A196-FEF9ACA81198}.Debug|Any CPU.ActiveCfg = Debug|Any CPU
		{74B1A9E3-B7DC-41B5-A196-FEF9ACA81198}.Debug|Any CPU.Build.0 = Debug|Any CPU
		{74B1A9E3-B7DC-41B5-A196-FEF9ACA81198}.Release|Any CPU.ActiveCfg = Release|Any CPU
		{74B1A9E3-B7DC-41B5-A196-FEF9ACA81198}.Release|Any CPU.Build.0 = Release|Any CPU
	EndGlobalSection
	GlobalSection(SolutionProperties) = preSolution
		HideSolutionNode = FALSE
	EndGlobalSection
EndGlobal
